
Microsoft Visual Studio Solution File, Format Version 12.00
# Visual Studio Version 17
VisualStudioVersion = 17.0.32112.339
MinimumVisualStudioVersion = 10.0.40219.1
Project("{FAE04EC0-301F-11D3-BF4B-00C04F79EFBC}") = "HaftRokh", "HaftRokh\HaftRokh.csproj", "{416F6AAF-A162-413B-BE6C-D88491EBE34F}"
EndProject
Global
	GlobalSection(SolutionConfigurationPlatforms) = preSolution
		Debug|Any CPU = Debug|Any CPU
		Release|Any CPU = Release|Any CPU
	EndGlobalSection
	GlobalSection(ProjectConfigurationPlatforms) = postSolution
		{416F6AAF-A162-413B-BE6C-D88491EBE34F}.Debug|Any CPU.ActiveCfg = Debug|Any CPU
		{416F6AAF-A162-413B-BE6C-D88491EBE34F}.Debug|Any CPU.Build.0 = Debug|Any CPU
		{416F6AAF-A162-413B-BE6C-D88491EBE34F}.Release|Any CPU.ActiveCfg = Release|Any CPU
		{416F6AAF-A162-413B-BE6C-D88491EBE34F}.Release|Any CPU.Build.0 = Release|Any CPU
	EndGlobalSection
	GlobalSection(SolutionProperties) = preSolution
		HideSolutionNode = FALSE
	EndGlobalSection
	GlobalSection(ExtensibilityGlobals) = postSolution
		SolutionGuid = {84BE7B34-43A5-4DD6-B632-F29D8946EC5B}
	EndGlobalSection
EndGlobal
